
Microsoft Visual Studio Solution File, Format Version 12.00
# Visual Studio 15
VisualStudioVersion = 15.0.28307.539
MinimumVisualStudioVersion = 10.0.40219.1
Project("{FAE04EC0-301F-11D3-BF4B-00C04F79EFBC}") = "EntitasDocGenerator", "EntitasDocGenerator\EntitasDocGenerator.csproj", "{FCBF9481-4F15-4611-BBC5-E081F50F89E3}"
EndProject
Global
	GlobalSection(SolutionConfigurationPlatforms) = preSolution
		Debug|Any CPU = Debug|Any CPU
		Release|Any CPU = Release|Any CPU
	EndGlobalSection
	GlobalSection(ProjectConfigurationPlatforms) = postSolution
		{FCBF9481-4F15-4611-BBC5-E081F50F89E3}.Debug|Any CPU.ActiveCfg = Debug|Any CPU
		{FCBF9481-4F15-4611-BBC5-E081F50F89E3}.Debug|Any CPU.Build.0 = Debug|Any CPU
		{FCBF9481-4F15-4611-BBC5-E081F50F89E3}.Release|Any CPU.ActiveCfg = Release|Any CPU
		{FCBF9481-4F15-4611-BBC5-E081F50F89E3}.Release|Any CPU.Build.0 = Release|Any CPU
	EndGlobalSection
	GlobalSection(SolutionProperties) = preSolution
		HideSolutionNode = FALSE
	EndGlobalSection
	GlobalSection(ExtensibilityGlobals) = postSolution
		SolutionGuid = {5FB86D18-088E-42CC-829B-FDBB892E7402}
	EndGlobalSection
EndGlobal
